
Microsoft Visual Studio Solution File, Format Version 12.00
# Visual Studio 2013
VisualStudioVersion = 12.0.40629.0
MinimumVisualStudioVersion = 10.0.40219.1
Project("{FAE04EC0-301F-11D3-BF4B-00C04F79EFBC}") = "SGV", "SGV\SGV.csproj", "{3E8E9A06-2902-47A0-BF26-129DDFC9799E}"
EndProject
Project("{FAE04EC0-301F-11D3-BF4B-00C04F79EFBC}") = "CamadaDados", "CamadaDados\CamadaDados.csproj", "{3AE1802F-DD39-40EA-8AC6-B31A7CA9666F}"
EndProject
Project("{FAE04EC0-301F-11D3-BF4B-00C04F79EFBC}") = "CamadaNegocio", "CamadaNegocio\CamadaNegocio.csproj", "{047C235B-AD4C-43D0-B23B-BF714A551028}"
EndProject
Project("{FAE04EC0-301F-11D3-BF4B-00C04F79EFBC}") = "CamadaApresentacao", "CamadaApresentacao\CamadaApresentacao.csproj", "{BAD9973D-4964-4F2E-9981-EC7CEBAFF9B1}"
EndProject
Global
	GlobalSection(SolutionConfigurationPlatforms) = preSolution
		Debug|Any CPU = Debug|Any CPU
		Release|Any CPU = Release|Any CPU
	EndGlobalSection
	GlobalSection(ProjectConfigurationPlatforms) = postSolution
		{3E8E9A06-2902-47A0-BF26-129DDFC9799E}.Debug|Any CPU.ActiveCfg = Debug|Any CPU
		{3E8E9A06-2902-47A0-BF26-129DDFC9799E}.Debug|Any CPU.Build.0 = Debug|Any CPU
		{3E8E9A06-2902-47A0-BF26-129DDFC9799E}.Release|Any CPU.ActiveCfg = Release|Any CPU
		{3E8E9A06-2902-47A0-BF26-129DDFC9799E}.Release|Any CPU.Build.0 = Release|Any CPU
		{3AE1802F-DD39-40EA-8AC6-B31A7CA9666F}.Debug|Any CPU.ActiveCfg = Debug|Any CPU
		{3AE1802F-DD39-40EA-8AC6-B31A7CA9666F}.Debug|Any CPU.Build.0 = Debug|Any CPU
		{3AE1802F-DD39-40EA-8AC6-B31A7CA9666F}.Release|Any CPU.ActiveCfg = Release|Any CPU
		{3AE1802F-DD39-40EA-8AC6-B31A7CA9666F}.Release|Any CPU.Build.0 = Release|Any CPU
		{047C235B-AD4C-43D0-B23B-BF714A551028}.Debug|Any CPU.ActiveCfg = Debug|Any CPU
		{047C235B-AD4C-43D0-B23B-BF714A551028}.Debug|Any CPU.Build.0 = Debug|Any CPU
		{047C235B-AD4C-43D0-B23B-BF714A551028}.Release|Any CPU.ActiveCfg = Release|Any CPU
		{047C235B-AD4C-43D0-B23B-BF714A551028}.Release|Any CPU.Build.0 = Release|Any CPU
		{BAD9973D-4964-4F2E-9981-EC7CEBAFF9B1}.Debug|Any CPU.ActiveCfg = Debug|Any CPU
		{BAD9973D-4964-4F2E-9981-EC7CEBAFF9B1}.Debug|Any CPU.Build.0 = Debug|Any CPU
		{BAD9973D-4964-4F2E-9981-EC7CEBAFF9B1}.Release|Any CPU.ActiveCfg = Release|Any CPU
		{BAD9973D-4964-4F2E-9981-EC7CEBAFF9B1}.Release|Any CPU.Build.0 = Release|Any CPU
	EndGlobalSection
	GlobalSection(SolutionProperties) = preSolution
		HideSolutionNode = FALSE
	EndGlobalSection
EndGlobal
